
Microsoft Visual Studio Solution File, Format Version 12.00
# Visual Studio Version 16
VisualStudioVersion = 16.0.31515.178
MinimumVisualStudioVersion = 10.0.40219.1
Project("{FAE04EC0-301F-11D3-BF4B-00C04F79EFBC}") = "D365-Core-Workflows", "D365-Core-Workflows.csproj", "{FD0A4154-49E6-4D53-8A99-1A9A194F30F8}"
EndProject
Global
	GlobalSection(SolutionConfigurationPlatforms) = preSolution
		Debug|Any CPU = Debug|Any CPU
		Release|Any CPU = Release|Any CPU
	EndGlobalSection
	GlobalSection(ProjectConfigurationPlatforms) = postSolution
		{FD0A4154-49E6-4D53-8A99-1A9A194F30F8}.Debug|Any CPU.ActiveCfg = Debug|Any CPU
		{FD0A4154-49E6-4D53-8A99-1A9A194F30F8}.Debug|Any CPU.Build.0 = Debug|Any CPU
		{FD0A4154-49E6-4D53-8A99-1A9A194F30F8}.Release|Any CPU.ActiveCfg = Release|Any CPU
		{FD0A4154-49E6-4D53-8A99-1A9A194F30F8}.Release|Any CPU.Build.0 = Release|Any CPU
	EndGlobalSection
	GlobalSection(SolutionProperties) = preSolution
		HideSolutionNode = FALSE
	EndGlobalSection
	GlobalSection(ExtensibilityGlobals) = postSolution
		SolutionGuid = {03C10108-4502-4C79-A323-FFF33AC25E7B}
	EndGlobalSection
EndGlobal
